
Microsoft Visual Studio Solution File, Format Version 12.00
# Visual Studio Version 16
VisualStudioVersion = 16.0.32228.343
MinimumVisualStudioVersion = 10.0.40219.1
Project("{FAE04EC0-301F-11D3-BF4B-00C04F79EFBC}") = "MedidoresDB", "MedidoresDB\MedidoresDB.csproj", "{D1D7BA52-69AE-42DE-9438-A6B0984BF4BA}"
EndProject
Project("{FAE04EC0-301F-11D3-BF4B-00C04F79EFBC}") = "MedidoresModel", "MedidoresModel\MedidoresModel.csproj", "{518C6896-9C9D-456E-BEDD-6CB6CF2DD440}"
EndProject
Global
	GlobalSection(SolutionConfigurationPlatforms) = preSolution
		Debug|Any CPU = Debug|Any CPU
		Release|Any CPU = Release|Any CPU
	EndGlobalSection
	GlobalSection(ProjectConfigurationPlatforms) = postSolution
		{D1D7BA52-69AE-42DE-9438-A6B0984BF4BA}.Debug|Any CPU.ActiveCfg = Debug|Any CPU
		{D1D7BA52-69AE-42DE-9438-A6B0984BF4BA}.Debug|Any CPU.Build.0 = Debug|Any CPU
		{D1D7BA52-69AE-42DE-9438-A6B0984BF4BA}.Release|Any CPU.ActiveCfg = Release|Any CPU
		{D1D7BA52-69AE-42DE-9438-A6B0984BF4BA}.Release|Any CPU.Build.0 = Release|Any CPU
		{518C6896-9C9D-456E-BEDD-6CB6CF2DD440}.Debug|Any CPU.ActiveCfg = Debug|Any CPU
		{518C6896-9C9D-456E-BEDD-6CB6CF2DD440}.Debug|Any CPU.Build.0 = Debug|Any CPU
		{518C6896-9C9D-456E-BEDD-6CB6CF2DD440}.Release|Any CPU.ActiveCfg = Release|Any CPU
		{518C6896-9C9D-456E-BEDD-6CB6CF2DD440}.Release|Any CPU.Build.0 = Release|Any CPU
	EndGlobalSection
	GlobalSection(SolutionProperties) = preSolution
		HideSolutionNode = FALSE
	EndGlobalSection
	GlobalSection(ExtensibilityGlobals) = postSolution
		SolutionGuid = {50A13220-DD48-4ADF-9A5D-824858B09C7F}
	EndGlobalSection
EndGlobal
